
Microsoft Visual Studio Solution File, Format Version 12.00
# Visual Studio Version 17
VisualStudioVersion = 17.0.31903.59
MinimumVisualStudioVersion = 10.0.40219.1
Project("{2150E333-8FDC-42A3-9474-1A3956D46DE8}") = "src", "src", "{7A131B97-B481-4370-9914-E662E5D55B81}"
EndProject
Project("{FAE04EC0-301F-11D3-BF4B-00C04F79EFBC}") = "CatConsult.EnvConfigurationProvider", "src\CatConsult.EnvConfigurationProvider\CatConsult.EnvConfigurationProvider.csproj", "{6121433A-8231-4B65-98D1-8C07F1DFCE66}"
EndProject
Project("{2150E333-8FDC-42A3-9474-1A3956D46DE8}") = "test", "test", "{353AEB54-70B9-4E9D-BACD-BAA62121DD97}"
EndProject
Project("{FAE04EC0-301F-11D3-BF4B-00C04F79EFBC}") = "CatConsult.EnvConfigurationProvider.Tests", "test\CatConsult.EnvConfigurationProvider.Tests\CatConsult.EnvConfigurationProvider.Tests.csproj", "{078157B6-A1DF-41E3-9E7B-E3F429A90AC1}"
EndProject
Project("{2150E333-8FDC-42A3-9474-1A3956D46DE8}") = "Solution Items", "Solution Items", "{FAB5E39F-80C6-47EF-8AF3-039500240A52}"
	ProjectSection(SolutionItems) = preProject
		.gitignore = .gitignore
		global.json = global.json
		README.md = README.md
		.gitattributes = .gitattributes
		.editorconfig = .editorconfig
	EndProjectSection
EndProject
Global
	GlobalSection(SolutionConfigurationPlatforms) = preSolution
		Debug|Any CPU = Debug|Any CPU
		Release|Any CPU = Release|Any CPU
	EndGlobalSection
	GlobalSection(SolutionProperties) = preSolution
		HideSolutionNode = FALSE
	EndGlobalSection
	GlobalSection(ProjectConfigurationPlatforms) = postSolution
		{6121433A-8231-4B65-98D1-8C07F1DFCE66}.Debug|Any CPU.ActiveCfg = Debug|Any CPU
		{6121433A-8231-4B65-98D1-8C07F1DFCE66}.Debug|Any CPU.Build.0 = Debug|Any CPU
		{6121433A-8231-4B65-98D1-8C07F1DFCE66}.Release|Any CPU.ActiveCfg = Release|Any CPU
		{6121433A-8231-4B65-98D1-8C07F1DFCE66}.Release|Any CPU.Build.0 = Release|Any CPU
		{078157B6-A1DF-41E3-9E7B-E3F429A90AC1}.Debug|Any CPU.ActiveCfg = Debug|Any CPU
		{078157B6-A1DF-41E3-9E7B-E3F429A90AC1}.Debug|Any CPU.Build.0 = Debug|Any CPU
		{078157B6-A1DF-41E3-9E7B-E3F429A90AC1}.Release|Any CPU.ActiveCfg = Release|Any CPU
		{078157B6-A1DF-41E3-9E7B-E3F429A90AC1}.Release|Any CPU.Build.0 = Release|Any CPU
	EndGlobalSection
	GlobalSection(NestedProjects) = preSolution
		{6121433A-8231-4B65-98D1-8C07F1DFCE66} = {7A131B97-B481-4370-9914-E662E5D55B81}
		{078157B6-A1DF-41E3-9E7B-E3F429A90AC1} = {353AEB54-70B9-4E9D-BACD-BAA62121DD97}
	EndGlobalSection
EndGlobal
